// !$*UTF8*$!
{
	archiveVersion = 1;
	classes = {
	};
	objectVersion = 55;
	objects = {

/* Begin PBXBuildFile section */
		8634B2C0281C2E46007845E4 /* practiceApp.swift in Sources */ = {isa = PBXBuildFile; fileRef = 8634B2BF281C2E46007845E4 /* practiceApp.swift */; };
		8634B2C2281C2E46007845E4 /* ContentView.swift in Sources */ = {isa = PBXBuildFile; fileRef = 8634B2C1281C2E46007845E4 /* ContentView.swift */; };
		8634B2C4281C2E4D007845E4 /* Assets.xcassets in Resources */ = {isa = PBXBuildFile; fileRef = 8634B2C3281C2E4D007845E4 /* Assets.xcassets */; };
		8634B2C7281C2E4D007845E4 /* Preview Assets.xcassets in Resources */ = {isa = PBXBuildFile; fileRef = 8634B2C6281C2E4D007845E4 /* Preview Assets.xcassets */; };
		8634B2D1281C2E4D007845E4 /* practiceTests.swift in Sources */ = {isa = PBXBuildFile; fileRef = 8634B2D0281C2E4D007845E4 /* practiceTests.swift */; };
		8634B2DB281C2E4D007845E4 /* practiceUITests.swift in Sources */ = {isa = PBXBuildFile; fileRef = 8634B2DA281C2E4D007845E4 /* practiceUITests.swift */; };
		8634B2DD281C2E4D007845E4 /* practiceUITestsLaunchTests.swift in Sources */ = {isa = PBXBuildFile; fileRef = 8634B2DC281C2E4D007845E4 /* practiceUITestsLaunchTests.swift */; };
		8634B2EB282A9018007845E4 /* UIImageView+colorpicker.swift in Sources */ = {isa = PBXBuildFile; fileRef = 8634B2EA282A9018007845E4 /* UIImageView+colorpicker.swift */; };
		8634B2F0282A9A1A007845E4 /* ColorPickerControllerViewController.swift in Sources */ = {isa = PBXBuildFile; fileRef = 8634B2EF282A9A1A007845E4 /* ColorPickerControllerViewController.swift */; };
/* End PBXBuildFile section */

/* Begin PBXContainerItemProxy section */
		8634B2CD281C2E4D007845E4 /* PBXContainerItemProxy */ = {
			isa = PBXContainerItemProxy;
			containerPortal = 8634B2B4281C2E46007845E4 /* Project object */;
			proxyType = 1;
			remoteGlobalIDString = 8634B2BB281C2E46007845E4;
			remoteInfo = practice;
		};
		8634B2D7281C2E4D007845E4 /* PBXContainerItemProxy */ = {
			isa = PBXContainerItemProxy;
			containerPortal = 8634B2B4281C2E46007845E4 /* Project object */;
			proxyType = 1;
			remoteGlobalIDString = 8634B2BB281C2E46007845E4;
			remoteInfo = practice;
		};
/* End PBXContainerItemProxy section */

/* Begin PBXFileReference section */
		8634B2BC281C2E46007845E4 /* practice.app */ = {isa = PBXFileReference; explicitFileType = wrapper.application; includeInIndex = 0; path = practice.app; sourceTree = BUILT_PRODUCTS_DIR; };
		8634B2BF281C2E46007845E4 /* practiceApp.swift */ = {isa = PBXFileReference; lastKnownFileType = sourcecode.swift; path = practiceApp.swift; sourceTree = "<group>"; };
		8634B2C1281C2E46007845E4 /* ContentView.swift */ = {isa = PBXFileReference; lastKnownFileType = sourcecode.swift; path = ContentView.swift; sourceTree = "<group>"; };
		8634B2C3281C2E4D007845E4 /* Assets.xcassets */ = {isa = PBXFileReference; lastKnownFileType = folder.assetcatalog; path = Assets.xcassets; sourceTree = "<group>"; };
		8634B2C6281C2E4D007845E4 /* Preview Assets.xcassets */ = {isa = PBXFileReference; lastKnownFileType = folder.assetcatalog; path = "Preview Assets.xcassets"; sourceTree = "<group>"; };
		8634B2CC281C2E4D007845E4 /* practiceTests.xctest */ = {isa = PBXFileReference; explicitFileType = wrapper.cfbundle; includeInIndex = 0; path = practiceTests.xctest; sourceTree = BUILT_PRODUCTS_DIR; };
		8634B2D0281C2E4D007845E4 /* practiceTests.swift */ = {isa = PBXFileReference; lastKnownFileType = sourcecode.swift; path = practiceTests.swift; sourceTree = "<group>"; };
		8634B2D6281C2E4D007845E4 /* practiceUITests.xctest */ = {isa = PBXFileReference; explicitFileType = wrapper.cfbundle; includeInIndex = 0; path = practiceUITests.xctest; sourceTree = BUILT_PRODUCTS_DIR; };
		8634B2DA281C2E4D007845E4 /* practiceUITests.swift */ = {isa = PBXFileReference; lastKnownFileType = sourcecode.swift; path = practiceUITests.swift; sourceTree = "<group>"; };
		8634B2DC281C2E4D007845E4 /* practiceUITestsLaunchTests.swift */ = {isa = PBXFileReference; lastKnownFileType = sourcecode.swift; path = practiceUITestsLaunchTests.swift; sourceTree = "<group>"; };
		8634B2EA282A9018007845E4 /* UIImageView+colorpicker.swift */ = {isa = PBXFileReference; lastKnownFileType = sourcecode.swift; path = "UIImageView+colorpicker.swift"; sourceTree = "<group>"; };
		8634B2EF282A9A1A007845E4 /* ColorPickerControllerViewController.swift */ = {isa = PBXFileReference; lastKnownFileType = sourcecode.swift; path = ColorPickerControllerViewController.swift; sourceTree = "<group>"; };
/* End PBXFileReference section */

/* Begin PBXFrameworksBuildPhase section */
		8634B2B9281C2E46007845E4 /* Frameworks */ = {
			isa = PBXFrameworksBuildPhase;
			buildActionMask = 2147483647;
			files = (
			);
			runOnlyForDeploymentPostprocessing = 0;
		};
		8634B2C9281C2E4D007845E4 /* Frameworks */ = {
			isa = PBXFrameworksBuildPhase;
			buildActionMask = 2147483647;
			files = (
			);
			runOnlyForDeploymentPostprocessing = 0;
		};
		8634B2D3281C2E4D007845E4 /* Frameworks */ = {
			isa = PBXFrameworksBuildPhase;
			buildActionMask = 2147483647;
			files = (
			);
			runOnlyForDeploymentPostprocessing = 0;
		};
/* End PBXFrameworksBuildPhase section */

/* Begin PBXGroup section */
		8634B2B3281C2E46007845E4 = {
			isa = PBXGroup;
			children = (
				8634B2BE281C2E46007845E4 /* practice */,
				8634B2CF281C2E4D007845E4 /* practiceTests */,
				8634B2D9281C2E4D007845E4 /* practiceUITests */,
				8634B2BD281C2E46007845E4 /* Products */,
			);
			sourceTree = "<group>";
		};
		8634B2BD281C2E46007845E4 /* Products */ = {
			isa = PBXGroup;
			children = (
				8634B2BC281C2E46007845E4 /* practice.app */,
				8634B2CC281C2E4D007845E4 /* practiceTests.xctest */,
				8634B2D6281C2E4D007845E4 /* practiceUITests.xctest */,
			);
			name = Products;
			sourceTree = "<group>";
		};
		8634B2BE281C2E46007845E4 /* practice */ = {
			isa = PBXGroup;
			children = (
				8634B2EC282A9987007845E4 /* ViewController */,
				8634B2E9282A8FE7007845E4 /* Extensions */,
				8634B2BF281C2E46007845E4 /* practiceApp.swift */,
				8634B2C1281C2E46007845E4 /* ContentView.swift */,
				8634B2C3281C2E4D007845E4 /* Assets.xcassets */,
				8634B2C5281C2E4D007845E4 /* Preview Content */,
			);
			path = practice;
			sourceTree = "<group>";
		};
		8634B2C5281C2E4D007845E4 /* Preview Content */ = {
			isa = PBXGroup;
			children = (
				8634B2C6281C2E4D007845E4 /* Preview Assets.xcassets */,
			);
			path = "Preview Content";
			sourceTree = "<group>";
		};
		8634B2CF281C2E4D007845E4 /* practiceTests */ = {
			isa = PBXGroup;
			children = (
				8634B2D0281C2E4D007845E4 /* practiceTests.swift */,
			);
			path = practiceTests;
			sourceTree = "<group>";
		};
		8634B2D9281C2E4D007845E4 /* practiceUITests */ = {
			isa = PBXGroup;
			children = (
				8634B2DA281C2E4D007845E4 /* practiceUITests.swift */,
				8634B2DC281C2E4D007845E4 /* practiceUITestsLaunchTests.swift */,
			);
			path = practiceUITests;
			sourceTree = "<group>";
		};
		8634B2E9282A8FE7007845E4 /* Extensions */ = {
			isa = PBXGroup;
			children = (
				8634B2EA282A9018007845E4 /* UIImageView+colorpicker.swift */,
			);
			path = Extensions;
			sourceTree = "<group>";
		};
		8634B2EC282A9987007845E4 /* ViewController */ = {
			isa = PBXGroup;
			children = (
				8634B2EF282A9A1A007845E4 /* ColorPickerControllerViewController.swift */,
			);
			path = ViewController;
			sourceTree = "<group>";
		};
/* End PBXGroup section */

/* Begin PBXNativeTarget section */
		8634B2BB281C2E46007845E4 /* practice */ = {
			isa = PBXNativeTarget;
			buildConfigurationList = 8634B2E0281C2E4D007845E4 /* Build configuration list for PBXNativeTarget "practice" */;
			buildPhases = (
				8634B2B8281C2E46007845E4 /* Sources */,
				8634B2B9281C2E46007845E4 /* Frameworks */,
				8634B2BA281C2E46007845E4 /* Resources */,
			);
			buildRules = (
			);
			dependencies = (
			);
			name = practice;
			productName = practice;
			productReference = 8634B2BC281C2E46007845E4 /* practice.app */;
			productType = "com.apple.product-type.application";
		};
		8634B2CB281C2E4D007845E4 /* practiceTests */ = {
			isa = PBXNativeTarget;
			buildConfigurationList = 8634B2E3281C2E4D007845E4 /* Build configuration list for PBXNativeTarget "practiceTests" */;
			buildPhases = (
				8634B2C8281C2E4D007845E4 /* Sources */,
				8634B2C9281C2E4D007845E4 /* Frameworks */,
				8634B2CA281C2E4D007845E4 /* Resources */,
			);
			buildRules = (
			);
			dependencies = (
				8634B2CE281C2E4D007845E4 /* PBXTargetDependency */,
			);
			name = practiceTests;
			productName = practiceTests;
			productReference = 8634B2CC281C2E4D007845E4 /* practiceTests.xctest */;
			productType = "com.apple.product-type.bundle.unit-test";
		};
		8634B2D5281C2E4D007845E4 /* practiceUITests */ = {
			isa = PBXNativeTarget;
			buildConfigurationList = 8634B2E6281C2E4D007845E4 /* Build configuration list for PBXNativeTarget "practiceUITests" */;
			buildPhases = (
				8634B2D2281C2E4D007845E4 /* Sources */,
				8634B2D3281C2E4D007845E4 /* Frameworks */,
				8634B2D4281C2E4D007845E4 /* Resources */,
			);
			buildRules = (
			);
			dependencies = (
				8634B2D8281C2E4D007845E4 /* PBXTargetDependency */,
			);
			name = practiceUITests;
			productName = practiceUITests;
			productReference = 8634B2D6281C2E4D007845E4 /* practiceUITests.xctest */;
			productType = "com.apple.product-type.bundle.ui-testing";
		};
/* End PBXNativeTarget section */

/* Begin PBXProject section */
		8634B2B4281C2E46007845E4 /* Project object */ = {
			isa = PBXProject;
			attributes = {
				BuildIndependentTargetsInParallel = 1;
				LastSwiftUpdateCheck = 1330;
				LastUpgradeCheck = 1330;
				TargetAttributes = {
					8634B2BB281C2E46007845E4 = {
						CreatedOnToolsVersion = 13.3.1;
					};
					8634B2CB281C2E4D007845E4 = {
						CreatedOnToolsVersion = 13.3.1;
						TestTargetID = 8634B2BB281C2E46007845E4;
					};
					8634B2D5281C2E4D007845E4 = {
						CreatedOnToolsVersion = 13.3.1;
						TestTargetID = 8634B2BB281C2E46007845E4;
					};
				};
			};
			buildConfigurationList = 8634B2B7281C2E46007845E4 /* Build configuration list for PBXProject "practice" */;
			compatibilityVersion = "Xcode 13.0";
			developmentRegion = en;
			hasScannedForEncodings = 0;
			knownRegions = (
				en,
				Base,
			);
			mainGroup = 8634B2B3281C2E46007845E4;
			productRefGroup = 8634B2BD281C2E46007845E4 /* Products */;
			projectDirPath = "";
			projectRoot = "";
			targets = (
				8634B2BB281C2E46007845E4 /* practice */,
				8634B2CB281C2E4D007845E4 /* practiceTests */,
				8634B2D5281C2E4D007845E4 /* practiceUITests */,
			);
		};
/* End PBXProject section */

/* Begin PBXResourcesBuildPhase section */
		8634B2BA281C2E46007845E4 /* Resources */ = {
			isa = PBXResourcesBuildPhase;
			buildActionMask = 2147483647;
			files = (
				8634B2C7281C2E4D007845E4 /* Preview Assets.xcassets in Resources */,
				8634B2C4281C2E4D007845E4 /* Assets.xcassets in Resources */,
			);
			runOnlyForDeploymentPostprocessing = 0;
		};
		8634B2CA281C2E4D007845E4 /* Resources */ = {
			isa = PBXResourcesBuildPhase;
			buildActionMask = 2147483647;
			files = (
			);
			runOnlyForDeploymentPostprocessing = 0;
		};
		8634B2D4281C2E4D007845E4 /* Resources */ = {
			isa = PBXResourcesBuildPhase;
			buildActionMask = 2147483647;
			files = (
			);
			runOnlyForDeploymentPostprocessing = 0;
		};
/* End PBXResourcesBuildPhase section */

/* Begin PBXSourcesBuildPhase section */
		8634B2B8281C2E46007845E4 /* Sources */ = {
			isa = PBXSourcesBuildPhase;
			buildActionMask = 2147483647;
			files = (
				8634B2F0282A9A1A007845E4 /* ColorPickerControllerViewController.swift in Sources */,
				8634B2C2281C2E46007845E4 /* ContentView.swift in Sources */,
				8634B2EB282A9018007845E4 /* UIImageView+colorpicker.swift in Sources */,
				8634B2C0281C2E46007845E4 /* practiceApp.swift in Sources */,
			);
			runOnlyForDeploymentPostprocessing = 0;
		};
		8634B2C8281C2E4D007845E4 /* Sources */ = {
			isa = PBXSourcesBuildPhase;
			buildActionMask = 2147483647;
			files = (
				8634B2D1281C2E4D007845E4 /* practiceTests.swift in Sources */,
			);
			runOnlyForDeploymentPostprocessing = 0;
		};
		8634B2D2281C2E4D007845E4 /* Sources */ = {
			isa = PBXSourcesBuildPhase;
			buildActionMask = 2147483647;
			files = (
				8634B2DD281C2E4D007845E4 /* practiceUITestsLaunchTests.swift in Sources */,
				8634B2DB281C2E4D007845E4 /* practiceUITests.swift in Sources */,
			);
			runOnlyForDeploymentPostprocessing = 0;
		};
/* End PBXSourcesBuildPhase section */

/* Begin PBXTargetDependency section */
		8634B2CE281C2E4D007845E4 /* PBXTargetDependency */ = {
			isa = PBXTargetDependency;
			target = 8634B2BB281C2E46007845E4 /* practice */;
			targetProxy = 8634B2CD281C2E4D007845E4 /* PBXContainerItemProxy */;
		};
		8634B2D8281C2E4D007845E4 /* PBXTargetDependency */ = {
			isa = PBXTargetDependency;
			target = 8634B2BB281C2E46007845E4 /* practice */;
			targetProxy = 8634B2D7281C2E4D007845E4 /* PBXContainerItemProxy */;
		};
/* End PBXTargetDependency section */

/* Begin XCBuildConfiguration section */
		8634B2DE281C2E4D007845E4 /* Debug */ = {
			isa = XCBuildConfiguration;
			buildSettings = {
				ALWAYS_SEARCH_USER_PATHS = NO;
				CLANG_ANALYZER_NONNULL = YES;
				CLANG_ANALYZER_NUMBER_OBJECT_CONVERSION = YES_AGGRESSIVE;
				CLANG_CXX_LANGUAGE_STANDARD = "gnu++17";
				CLANG_ENABLE_MODULES = YES;
				CLANG_ENABLE_OBJC_ARC = YES;
				CLANG_ENABLE_OBJC_WEAK = YES;
				CLANG_WARN_BLOCK_CAPTURE_AUTORELEASING = YES;
				CLANG_WARN_BOOL_CONVERSION = YES;
				CLANG_WARN_COMMA = YES;
				CLANG_WARN_CONSTANT_CONVERSION = YES;
				CLANG_WARN_DEPRECATED_OBJC_IMPLEMENTATIONS = YES;
				CLANG_WARN_DIRECT_OBJC_ISA_USAGE = YES_ERROR;
				CLANG_WARN_DOCUMENTATION_COMMENTS = YES;
				CLANG_WARN_EMPTY_BODY = YES;
				CLANG_WARN_ENUM_CONVERSION = YES;
				CLANG_WARN_INFINITE_RECURSION = YES;
				CLANG_WARN_INT_CONVERSION = YES;
				CLANG_WARN_NON_LITERAL_NULL_CONVERSION = YES;
				CLANG_WARN_OBJC_IMPLICIT_RETAIN_SELF = YES;
				CLANG_WARN_OBJC_LITERAL_CONVERSION = YES;
				CLANG_WARN_OBJC_ROOT_CLASS = YES_ERROR;
				CLANG_WARN_QUOTED_INCLUDE_IN_FRAMEWORK_HEADER = YES;
				CLANG_WARN_RANGE_LOOP_ANALYSIS = YES;
				CLANG_WARN_STRICT_PROTOTYPES = YES;
				CLANG_WARN_SUSPICIOUS_MOVE = YES;
				CLANG_WARN_UNGUARDED_AVAILABILITY = YES_AGGRESSIVE;
				CLANG_WARN_UNREACHABLE_CODE = YES;
				CLANG_WARN__DUPLICATE_METHOD_MATCH = YES;
				COPY_PHASE_STRIP = NO;
				DEBUG_INFORMATION_FORMAT = dwarf;
				ENABLE_STRICT_OBJC_MSGSEND = YES;
				ENABLE_TESTABILITY = YES;
				GCC_C_LANGUAGE_STANDARD = gnu11;
				GCC_DYNAMIC_NO_PIC = NO;
				GCC_NO_COMMON_BLOCKS = YES;
				GCC_OPTIMIZATION_LEVEL = 0;
				GCC_PREPROCESSOR_DEFINITIONS = (
					"DEBUG=1",
					"$(inherited)",
				);
				GCC_WARN_64_TO_32_BIT_CONVERSION = YES;
				GCC_WARN_ABOUT_RETURN_TYPE = YES_ERROR;
				GCC_WARN_UNDECLARED_SELECTOR = YES;
				GCC_WARN_UNINITIALIZED_AUTOS = YES_AGGRESSIVE;
				GCC_WARN_UNUSED_FUNCTION = YES;
				GCC_WARN_UNUSED_VARIABLE = YES;
				IPHONEOS_DEPLOYMENT_TARGET = 15.4;
				MTL_ENABLE_DEBUG_INFO = INCLUDE_SOURCE;
				MTL_FAST_MATH = YES;
				ONLY_ACTIVE_ARCH = YES;
				SDKROOT = iphoneos;
				SWIFT_ACTIVE_COMPILATION_CONDITIONS = DEBUG;
				SWIFT_OPTIMIZATION_LEVEL = "-Onone";
			};
			name = Debug;
		};
		8634B2DF281C2E4D007845E4 /* Release */ = {
			isa = XCBuildConfiguration;
			buildSettings = {
				ALWAYS_SEARCH_USER_PATHS = NO;
				CLANG_ANALYZER_NONNULL = YES;
				CLANG_ANALYZER_NUMBER_OBJECT_CONVERSION = YES_AGGRESSIVE;
				CLANG_CXX_LANGUAGE_STANDARD = "gnu++17";
				CLANG_ENABLE_MODULES = YES;
				CLANG_ENABLE_OBJC_ARC = YES;
				CLANG_ENABLE_OBJC_WEAK = YES;
				CLANG_WARN_BLOCK_CAPTURE_AUTORELEASING = YES;
				CLANG_WARN_BOOL_CONVERSION = YES;
				CLANG_WARN_COMMA = YES;
				CLANG_WARN_CONSTANT_CONVERSION = YES;
				CLANG_WARN_DEPRECATED_OBJC_IMPLEMENTATIONS = YES;
				CLANG_WARN_DIRECT_OBJC_ISA_USAGE = YES_ERROR;
				CLANG_WARN_DOCUMENTATION_COMMENTS = YES;
				CLANG_WARN_EMPTY_BODY = YES;
				CLANG_WARN_ENUM_CONVERSION = YES;
				CLANG_WARN_INFINITE_RECURSION = YES;
				CLANG_WARN_INT_CONVERSION = YES;
				CLANG_WARN_NON_LITERAL_NULL_CONVERSION = YES;
				CLANG_WARN_OBJC_IMPLICIT_RETAIN_SELF = YES;
				CLANG_WARN_OBJC_LITERAL_CONVERSION = YES;
				CLANG_WARN_OBJC_ROOT_CLASS = YES_ERROR;
				CLANG_WARN_QUOTED_INCLUDE_IN_FRAMEWORK_HEADER = YES;
				CLANG_WARN_RANGE_LOOP_ANALYSIS = YES;
				CLANG_WARN_STRICT_PROTOTYPES = YES;
				CLANG_WARN_SUSPICIOUS_MOVE = YES;
				CLANG_WARN_UNGUARDED_AVAILABILITY = YES_AGGRESSIVE;
				CLANG_WARN_UNREACHABLE_CODE = YES;
				CLANG_WARN__DUPLICATE_METHOD_MATCH = YES;
				COPY_PHASE_STRIP = NO;
				DEBUG_INFORMATION_FORMAT = "dwarf-with-dsym";
				ENABLE_NS_ASSERTIONS = NO;
				ENABLE_STRICT_OBJC_MSGSEND = YES;
				GCC_C_LANGUAGE_STANDARD = gnu11;
				GCC_NO_COMMON_BLOCKS = YES;
				GCC_WARN_64_TO_32_BIT_CONVERSION = YES;
				GCC_WARN_ABOUT_RETURN_TYPE = YES_ERROR;
				GCC_WARN_UNDECLARED_SELECTOR = YES;
				GCC_WARN_UNINITIALIZED_AUTOS = YES_AGGRESSIVE;
				GCC_WARN_UNUSED_FUNCTION = YES;
				GCC_WARN_UNUSED_VARIABLE = YES;
				IPHONEOS_DEPLOYMENT_TARGET = 15.4;
				MTL_ENABLE_DEBUG_INFO = NO;
				MTL_FAST_MATH = YES;
				SDKROOT = iphoneos;
				SWIFT_COMPILATION_MODE = wholemodule;
				SWIFT_OPTIMIZATION_LEVEL = "-O";
				VALIDATE_PRODUCT = YES;
			};
			name = Release;
		};
		8634B2E1281C2E4D007845E4 /* Debug */ = {
			isa = XCBuildConfiguration;
			buildSettings = {
				ASSETCATALOG_COMPILER_APPICON_NAME = AppIcon;
				ASSETCATALOG_COMPILER_GLOBAL_ACCENT_COLOR_NAME = AccentColor;
				CODE_SIGN_STYLE = Automatic;
				CURRENT_PROJECT_VERSION = 1;
				DEVELOPMENT_ASSET_PATHS = "\"practice/Preview Content\"";
				ENABLE_PREVIEWS = YES;
				GENERATE_INFOPLIST_FILE = YES;
				INFOPLIST_KEY_UIApplicationSceneManifest_Generation = YES;
				INFOPLIST_KEY_UIApplicationSupportsIndirectInputEvents = YES;
				INFOPLIST_KEY_UILaunchScreen_Generation = YES;
				INFOPLIST_KEY_UISupportedInterfaceOrientations_iPad = "UIInterfaceOrientationPortrait UIInterfaceOrientationPortraitUpsideDown UIInterfaceOrientationLandscapeLeft UIInterfaceOrientationLandscapeRight";
				INFOPLIST_KEY_UISupportedInterfaceOrientations_iPhone = "UIInterfaceOrientationPortrait UIInterfaceOrientationLandscapeLeft UIInterfaceOrientationLandscapeRight";
				LD_RUNPATH_SEARCH_PATHS = (
					"$(inherited)",
					"@executable_path/Frameworks",
				);
				MARKETING_VERSION = 1.0;
				PRODUCT_BUNDLE_IDENTIFIER = tommyhong.practice;
				PRODUCT_NAME = "$(TARGET_NAME)";
				SWIFT_EMIT_LOC_STRINGS = YES;
				SWIFT_VERSION = 5.0;
				TARGETED_DEVICE_FAMILY = "1,2";
			};
			name = Debug;
		};
		8634B2E2281C2E4D007845E4 /* Release */ = {
			isa = XCBuildConfiguration;
			buildSettings = {
				ASSETCATALOG_COMPILER_APPICON_NAME = AppIcon;
				ASSETCATALOG_COMPILER_GLOBAL_ACCENT_COLOR_NAME = AccentColor;
				CODE_SIGN_STYLE = Automatic;
				CURRENT_PROJECT_VERSION = 1;
				DEVELOPMENT_ASSET_PATHS = "\"practice/Preview Content\"";
				ENABLE_PREVIEWS = YES;
				GENERATE_INFOPLIST_FILE = YES;
				INFOPLIST_KEY_UIApplicationSceneManifest_Generation = YES;
				INFOPLIST_KEY_UIApplicationSupportsIndirectInputEvents = YES;
				INFOPLIST_KEY_UILaunchScreen_Generation = YES;
				INFOPLIST_KEY_UISupportedInterfaceOrientations_iPad = "UIInterfaceOrientationPortrait UIInterfaceOrientationPortraitUpsideDown UIInterfaceOrientationLandscapeLeft UIInterfaceOrientationLandscapeRight";
				INFOPLIST_KEY_UISupportedInterfaceOrientations_iPhone = "UIInterfaceOrientationPortrait UIInterfaceOrientationLandscapeLeft UIInterfaceOrientationLandscapeRight";
				LD_RUNPATH_SEARCH_PATHS = (
					"$(inherited)",
					"@executable_path/Frameworks",
				);
				MARKETING_VERSION = 1.0;
				PRODUCT_BUNDLE_IDENTIFIER = tommyhong.practice;
				PRODUCT_NAME = "$(TARGET_NAME)";
				SWIFT_EMIT_LOC_STRINGS = YES;
				SWIFT_VERSION = 5.0;
				TARGETED_DEVICE_FAMILY = "1,2";
			};
			name = Release;
		};
		8634B2E4281C2E4D007845E4 /* Debug */ = {
			isa = XCBuildConfiguration;
			buildSettings = {
				ALWAYS_EMBED_SWIFT_STANDARD_LIBRARIES = YES;
				BUNDLE_LOADER = "$(TEST_HOST)";
				CODE_SIGN_STYLE = Automatic;
				CURRENT_PROJECT_VERSION = 1;
				GENERATE_INFOPLIST_FILE = YES;
				IPHONEOS_DEPLOYMENT_TARGET = 15.4;
				MARKETING_VERSION = 1.0;
				PRODUCT_BUNDLE_IDENTIFIER = tommyhong.practiceTests;
				PRODUCT_NAME = "$(TARGET_NAME)";
				SWIFT_EMIT_LOC_STRINGS = NO;
				SWIFT_VERSION = 5.0;
				TARGETED_DEVICE_FAMILY = "1,2";
				TEST_HOST = "$(BUILT_PRODUCTS_DIR)/practice.app/practice";
			};
			name = Debug;
		};
		8634B2E5281C2E4D007845E4 /* Release */ = {
			isa = XCBuildConfiguration;
			buildSettings = {
				ALWAYS_EMBED_SWIFT_STANDARD_LIBRARIES = YES;
				BUNDLE_LOADER = "$(TEST_HOST)";
				CODE_SIGN_STYLE = Automatic;
				CURRENT_PROJECT_VERSION = 1;
				GENERATE_INFOPLIST_FILE = YES;
				IPHONEOS_DEPLOYMENT_TARGET = 15.4;
				MARKETING_VERSION = 1.0;
				PRODUCT_BUNDLE_IDENTIFIER = tommyhong.practiceTests;
				PRODUCT_NAME = "$(TARGET_NAME)";
				SWIFT_EMIT_LOC_STRINGS = NO;
				SWIFT_VERSION = 5.0;
				TARGETED_DEVICE_FAMILY = "1,2";
				TEST_HOST = "$(BUILT_PRODUCTS_DIR)/practice.app/practice";
			};
			name = Release;
		};
		8634B2E7281C2E4D007845E4 /* Debug */ = {
			isa = XCBuildConfiguration;
			buildSettings = {
				ALWAYS_EMBED_SWIFT_STANDARD_LIBRARIES = YES;
				CODE_SIGN_STYLE = Automatic;
				CURRENT_PROJECT_VERSION = 1;
				GENERATE_INFOPLIST_FILE = YES;
				MARKETING_VERSION = 1.0;
				PRODUCT_BUNDLE_IDENTIFIER = tommyhong.practiceUITests;
				PRODUCT_NAME = "$(TARGET_NAME)";
				SWIFT_EMIT_LOC_STRINGS = NO;
				SWIFT_VERSION = 5.0;
				TARGETED_DEVICE_FAMILY = "1,2";
				TEST_TARGET_NAME = practice;
			};
			name = Debug;
		};
		8634B2E8281C2E4D007845E4 /* Release */ = {
			isa = XCBuildConfiguration;
			buildSettings = {
				ALWAYS_EMBED_SWIFT_STANDARD_LIBRARIES = YES;
				CODE_SIGN_STYLE = Automatic;
				CURRENT_PROJECT_VERSION = 1;
				GENERATE_INFOPLIST_FILE = YES;
				MARKETING_VERSION = 1.0;
				PRODUCT_BUNDLE_IDENTIFIER = tommyhong.practiceUITests;
				PRODUCT_NAME = "$(TARGET_NAME)";
				SWIFT_EMIT_LOC_STRINGS = NO;
				SWIFT_VERSION = 5.0;
				TARGETED_DEVICE_FAMILY = "1,2";
				TEST_TARGET_NAME = practice;
			};
			name = Release;
		};
/* End XCBuildConfiguration section */

/* Begin XCConfigurationList section */
		8634B2B7281C2E46007845E4 /* Build configuration list for PBXProject "practice" */ = {
			isa = XCConfigurationList;
			buildConfigurations = (
				8634B2DE281C2E4D007845E4 /* Debug */,
				8634B2DF281C2E4D007845E4 /* Release */,
			);
			defaultConfigurationIsVisible = 0;
			defaultConfigurationName = Release;
		};
		8634B2E0281C2E4D007845E4 /* Build configuration list for PBXNativeTarget "practice" */ = {
			isa = XCConfigurationList;
			buildConfigurations = (
				8634B2E1281C2E4D007845E4 /* Debug */,
				8634B2E2281C2E4D007845E4 /* Release */,
			);
			defaultConfigurationIsVisible = 0;
			defaultConfigurationName = Release;
		};
		8634B2E3281C2E4D007845E4 /* Build configuration list for PBXNativeTarget "practiceTests" */ = {
			isa = XCConfigurationList;
			buildConfigurations = (
				8634B2E4281C2E4D007845E4 /* Debug */,
				8634B2E5281C2E4D007845E4 /* Release */,
			);
			defaultConfigurationIsVisible = 0;
			defaultConfigurationName = Release;
		};
		8634B2E6281C2E4D007845E4 /* Build configuration list for PBXNativeTarget "practiceUITests" */ = {
			isa = XCConfigurationList;
			buildConfigurations = (
				8634B2E7281C2E4D007845E4 /* Debug */,
				8634B2E8281C2E4D007845E4 /* Release */,
			);
			defaultConfigurationIsVisible = 0;
			defaultConfigurationName = Release;
		};
/* End XCConfigurationList section */
	};
	rootObject = 8634B2B4281C2E46007845E4 /* Project object */;
}
